platform=mac
host=Chalongrajs-MacBook-Air
user=
uuid=F1A335EF-4F17-43A0-8E1E-8A7088F21B49
app=Scrivener
project_path=/Users/suishan/Library/Mobile Documents/com~apple~CloudDocs/Politic and Global Studies 06/PGS-1/Semester-1/2400104_POL GOVT THAI/Course Summary WIP/POL GOVT THAI Sum.scriv
app_path=/Applications/Scrivener.app